
Microsoft Visual Studio Solution File, Format Version 12.00
# Visual Studio Version 17
VisualStudioVersion = 17.0.32112.339
MinimumVisualStudioVersion = 10.0.40219.1
Project("{FAE04EC0-301F-11D3-BF4B-00C04F79EFBC}") = "Task Manager", "Task Manager\Task Manager.csproj", "{D3011D3C-7525-45C9-826A-418C671419BA}"
EndProject
Global
	GlobalSection(SolutionConfigurationPlatforms) = preSolution
		Debug|Any CPU = Debug|Any CPU
		Release|Any CPU = Release|Any CPU
	EndGlobalSection
	GlobalSection(ProjectConfigurationPlatforms) = postSolution
		{D3011D3C-7525-45C9-826A-418C671419BA}.Debug|Any CPU.ActiveCfg = Debug|Any CPU
		{D3011D3C-7525-45C9-826A-418C671419BA}.Debug|Any CPU.Build.0 = Debug|Any CPU
		{D3011D3C-7525-45C9-826A-418C671419BA}.Release|Any CPU.ActiveCfg = Release|Any CPU
		{D3011D3C-7525-45C9-826A-418C671419BA}.Release|Any CPU.Build.0 = Release|Any CPU
	EndGlobalSection
	GlobalSection(SolutionProperties) = preSolution
		HideSolutionNode = FALSE
	EndGlobalSection
	GlobalSection(ExtensibilityGlobals) = postSolution
		SolutionGuid = {3F5AEC2F-8252-4A2E-87F1-FFB4251469C1}
	EndGlobalSection
EndGlobal
